
Microsoft Visual Studio Solution File, Format Version 12.00
# Visual Studio Version 17
VisualStudioVersion = 17.5.002.0
MinimumVisualStudioVersion = 10.0.40219.1
Project("{9A19103F-16F7-4668-BE54-9A1E7A4F7556}") = "06conversao", "06conversao.csproj", "{5F43394A-4F68-41AA-864C-A3FC895AA19D}"
EndProject
Global
	GlobalSection(SolutionConfigurationPlatforms) = preSolution
		Debug|Any CPU = Debug|Any CPU
		Release|Any CPU = Release|Any CPU
	EndGlobalSection
	GlobalSection(ProjectConfigurationPlatforms) = postSolution
		{5F43394A-4F68-41AA-864C-A3FC895AA19D}.Debug|Any CPU.ActiveCfg = Debug|Any CPU
		{5F43394A-4F68-41AA-864C-A3FC895AA19D}.Debug|Any CPU.Build.0 = Debug|Any CPU
		{5F43394A-4F68-41AA-864C-A3FC895AA19D}.Release|Any CPU.ActiveCfg = Release|Any CPU
		{5F43394A-4F68-41AA-864C-A3FC895AA19D}.Release|Any CPU.Build.0 = Release|Any CPU
	EndGlobalSection
	GlobalSection(SolutionProperties) = preSolution
		HideSolutionNode = FALSE
	EndGlobalSection
	GlobalSection(ExtensibilityGlobals) = postSolution
		SolutionGuid = {6E2C2424-180E-4DF4-9A62-A4512FDF7342}
	EndGlobalSection
EndGlobal
